// !$*UTF8*$!
{
	archiveVersion = 1;
	classes = {
	};
	objectVersion = 48;
	objects = {

/* Begin PBXBuildFile section */
		213A3A83200A593A0071B244 /* AppDelegate.swift in Sources */ = {isa = PBXBuildFile; fileRef = 213A3A82200A593A0071B244 /* AppDelegate.swift */; };
		213A3A88200A593A0071B244 /* Main.storyboard in Resources */ = {isa = PBXBuildFile; fileRef = 213A3A86200A593A0071B244 /* Main.storyboard */; };
		213A3A8A200A593A0071B244 /* Assets.xcassets in Resources */ = {isa = PBXBuildFile; fileRef = 213A3A89200A593A0071B244 /* Assets.xcassets */; };
		213A3A8D200A593A0071B244 /* LaunchScreen.storyboard in Resources */ = {isa = PBXBuildFile; fileRef = 213A3A8B200A593A0071B244 /* LaunchScreen.storyboard */; };
		213A3A97200A5AB60071B244 /* CustomMenuCell.swift in Sources */ = {isa = PBXBuildFile; fileRef = 213A3A96200A5AB60071B244 /* CustomMenuCell.swift */; };
		213A3AA5200A888A0071B244 /* EmptySegue.swift in Sources */ = {isa = PBXBuildFile; fileRef = 213A3AA4200A888A0071B244 /* EmptySegue.swift */; };
		213A3AB2200A980E0071B244 /* MasterViewController.swift in Sources */ = {isa = PBXBuildFile; fileRef = 213A3AAB200A980E0071B244 /* MasterViewController.swift */; };
		213A3AB4200A980E0071B244 /* MenuViewController.swift in Sources */ = {isa = PBXBuildFile; fileRef = 213A3AAD200A980E0071B244 /* MenuViewController.swift */; };
		213A3ABB200A98790071B244 /* ThirdViewController.swift in Sources */ = {isa = PBXBuildFile; fileRef = 213A3AB6200A98790071B244 /* ThirdViewController.swift */; };
		213A3ABC200A98790071B244 /* FirstViewController.swift in Sources */ = {isa = PBXBuildFile; fileRef = 213A3AB7200A98790071B244 /* FirstViewController.swift */; };
		213A3ABD200A98790071B244 /* FifthViewController.swift in Sources */ = {isa = PBXBuildFile; fileRef = 213A3AB8200A98790071B244 /* FifthViewController.swift */; };
		213A3ABE200A98790071B244 /* FourthViewController.swift in Sources */ = {isa = PBXBuildFile; fileRef = 213A3AB9200A98790071B244 /* FourthViewController.swift */; };
		213A3ABF200A98790071B244 /* SecondViewController.swift in Sources */ = {isa = PBXBuildFile; fileRef = 213A3ABA200A98790071B244 /* SecondViewController.swift */; };
		CD05991F25856E3C00E39100 /* ProductData.swift in Sources */ = {isa = PBXBuildFile; fileRef = CD05991E25856E3C00E39100 /* ProductData.swift */; };
		CD3BCAEF25880FDB005AF727 /* CartTableViewController.swift in Sources */ = {isa = PBXBuildFile; fileRef = CD3BCAEE25880FDB005AF727 /* CartTableViewController.swift */; };
		CD577B2725853D7C0087DD1D /* Cell.xib in Resources */ = {isa = PBXBuildFile; fileRef = CD577B2525853D7B0087DD1D /* Cell.xib */; };
		CD577B2825853D7C0087DD1D /* Cell.swift in Sources */ = {isa = PBXBuildFile; fileRef = CD577B2625853D7C0087DD1D /* Cell.swift */; };
		CD59395825856B5F00B1907E /* ProductProvider.swift in Sources */ = {isa = PBXBuildFile; fileRef = CD59395725856B5F00B1907E /* ProductProvider.swift */; };
		CD5965F7258689EA00F229B3 /* ProductDetailViewController.swift in Sources */ = {isa = PBXBuildFile; fileRef = CD5965F6258689EA00F229B3 /* ProductDetailViewController.swift */; };
		CD85E1CF258B4C7A001675CB /* GoogleService-Info.plist in Resources */ = {isa = PBXBuildFile; fileRef = CD85E1CE258B4C7A001675CB /* GoogleService-Info.plist */; };
		CD85E1D2258B4CC4001675CB /* credentials.plist in Resources */ = {isa = PBXBuildFile; fileRef = CD85E1D1258B4CC4001675CB /* credentials.plist */; };
		CD85E1E7258B4E9F001675CB /* UserViewController.swift in Sources */ = {isa = PBXBuildFile; fileRef = CD85E1E6258B4E9F001675CB /* UserViewController.swift */; };
		F996FDDBF9AD77B71F4B1EB9 /* Pods_HorizontalMenu.framework in Frameworks */ = {isa = PBXBuildFile; fileRef = 725F6E50AE7D8E0AEF6527C0 /* Pods_HorizontalMenu.framework */; };
/* End PBXBuildFile section */

/* Begin PBXFileReference section */
		213A3A7F200A593A0071B244 /* HorizontalMenu.app */ = {isa = PBXFileReference; explicitFileType = wrapper.application; includeInIndex = 0; path = HorizontalMenu.app; sourceTree = BUILT_PRODUCTS_DIR; };
		213A3A82200A593A0071B244 /* AppDelegate.swift */ = {isa = PBXFileReference; lastKnownFileType = sourcecode.swift; path = AppDelegate.swift; sourceTree = "<group>"; };
		213A3A87200A593A0071B244 /* Base */ = {isa = PBXFileReference; lastKnownFileType = file.storyboard; name = Base; path = Base.lproj/Main.storyboard; sourceTree = "<group>"; };
		213A3A89200A593A0071B244 /* Assets.xcassets */ = {isa = PBXFileReference; lastKnownFileType = folder.assetcatalog; path = Assets.xcassets; sourceTree = "<group>"; };
		213A3A8C200A593A0071B244 /* Base */ = {isa = PBXFileReference; lastKnownFileType = file.storyboard; name = Base; path = Base.lproj/LaunchScreen.storyboard; sourceTree = "<group>"; };
		213A3A8E200A593A0071B244 /* Info.plist */ = {isa = PBXFileReference; lastKnownFileType = text.plist.xml; path = Info.plist; sourceTree = "<group>"; };
		213A3A96200A5AB60071B244 /* CustomMenuCell.swift */ = {isa = PBXFileReference; lastKnownFileType = sourcecode.swift; path = CustomMenuCell.swift; sourceTree = "<group>"; };
		213A3AA4200A888A0071B244 /* EmptySegue.swift */ = {isa = PBXFileReference; fileEncoding = 4; lastKnownFileType = sourcecode.swift; path = EmptySegue.swift; sourceTree = "<group>"; };
		213A3AAB200A980E0071B244 /* MasterViewController.swift */ = {isa = PBXFileReference; fileEncoding = 4; lastKnownFileType = sourcecode.swift; path = MasterViewController.swift; sourceTree = "<group>"; };
		213A3AAD200A980E0071B244 /* MenuViewController.swift */ = {isa = PBXFileReference; fileEncoding = 4; lastKnownFileType = sourcecode.swift; path = MenuViewController.swift; sourceTree = "<group>"; };
		213A3AB6200A98790071B244 /* ThirdViewController.swift */ = {isa = PBXFileReference; fileEncoding = 4; lastKnownFileType = sourcecode.swift; path = ThirdViewController.swift; sourceTree = "<group>"; };
		213A3AB7200A98790071B244 /* FirstViewController.swift */ = {isa = PBXFileReference; fileEncoding = 4; lastKnownFileType = sourcecode.swift; path = FirstViewController.swift; sourceTree = "<group>"; };
		213A3AB8200A98790071B244 /* FifthViewController.swift */ = {isa = PBXFileReference; fileEncoding = 4; lastKnownFileType = sourcecode.swift; path = FifthViewController.swift; sourceTree = "<group>"; };
		213A3AB9200A98790071B244 /* FourthViewController.swift */ = {isa = PBXFileReference; fileEncoding = 4; lastKnownFileType = sourcecode.swift; path = FourthViewController.swift; sourceTree = "<group>"; };
		213A3ABA200A98790071B244 /* SecondViewController.swift */ = {isa = PBXFileReference; fileEncoding = 4; lastKnownFileType = sourcecode.swift; path = SecondViewController.swift; sourceTree = "<group>"; };
		725F6E50AE7D8E0AEF6527C0 /* Pods_HorizontalMenu.framework */ = {isa = PBXFileReference; explicitFileType = wrapper.framework; includeInIndex = 0; path = Pods_HorizontalMenu.framework; sourceTree = BUILT_PRODUCTS_DIR; };
		B6163FBF1277B704F71D1187 /* Pods-HorizontalMenu.debug.xcconfig */ = {isa = PBXFileReference; includeInIndex = 1; lastKnownFileType = text.xcconfig; name = "Pods-HorizontalMenu.debug.xcconfig"; path = "Target Support Files/Pods-HorizontalMenu/Pods-HorizontalMenu.debug.xcconfig"; sourceTree = "<group>"; };
		CD05991E25856E3C00E39100 /* ProductData.swift */ = {isa = PBXFileReference; lastKnownFileType = sourcecode.swift; path = ProductData.swift; sourceTree = "<group>"; };
		CD3BCAEE25880FDB005AF727 /* CartTableViewController.swift */ = {isa = PBXFileReference; lastKnownFileType = sourcecode.swift; path = CartTableViewController.swift; sourceTree = "<group>"; };
		CD577B2525853D7B0087DD1D /* Cell.xib */ = {isa = PBXFileReference; lastKnownFileType = file.xib; path = Cell.xib; sourceTree = "<group>"; };
		CD577B2625853D7C0087DD1D /* Cell.swift */ = {isa = PBXFileReference; lastKnownFileType = sourcecode.swift; path = Cell.swift; sourceTree = "<group>"; };
		CD59395725856B5F00B1907E /* ProductProvider.swift */ = {isa = PBXFileReference; lastKnownFileType = sourcecode.swift; path = ProductProvider.swift; sourceTree = "<group>"; };
		CD5965F6258689EA00F229B3 /* ProductDetailViewController.swift */ = {isa = PBXFileReference; lastKnownFileType = sourcecode.swift; path = ProductDetailViewController.swift; sourceTree = "<group>"; };
		CD85E1CE258B4C7A001675CB /* GoogleService-Info.plist */ = {isa = PBXFileReference; fileEncoding = 4; lastKnownFileType = text.plist.xml; path = "GoogleService-Info.plist"; sourceTree = "<group>"; };
		CD85E1D1258B4CC4001675CB /* credentials.plist */ = {isa = PBXFileReference; fileEncoding = 4; lastKnownFileType = text.plist.xml; path = credentials.plist; sourceTree = "<group>"; };
		CD85E1E6258B4E9F001675CB /* UserViewController.swift */ = {isa = PBXFileReference; lastKnownFileType = sourcecode.swift; path = UserViewController.swift; sourceTree = "<group>"; };
		E2C06D92D3A012BF2EF140BB /* Pods-HorizontalMenu.release.xcconfig */ = {isa = PBXFileReference; includeInIndex = 1; lastKnownFileType = text.xcconfig; name = "Pods-HorizontalMenu.release.xcconfig"; path = "Target Support Files/Pods-HorizontalMenu/Pods-HorizontalMenu.release.xcconfig"; sourceTree = "<group>"; };
/* End PBXFileReference section */

/* Begin PBXFrameworksBuildPhase section */
		213A3A7C200A593A0071B244 /* Frameworks */ = {
			isa = PBXFrameworksBuildPhase;
			buildActionMask = 2147483647;
			files = (
				F996FDDBF9AD77B71F4B1EB9 /* Pods_HorizontalMenu.framework in Frameworks */,
			);
			runOnlyForDeploymentPostprocessing = 0;
		};
/* End PBXFrameworksBuildPhase section */

/* Begin PBXGroup section */
		213A3A76200A593A0071B244 = {
			isa = PBXGroup;
			children = (
				213A3A81200A593A0071B244 /* HorizontalMenu */,
				213A3A80200A593A0071B244 /* Products */,
				914D498A63CBC947C2C5F4C6 /* Pods */,
				9D610F0475C6023274374035 /* Frameworks */,
			);
			sourceTree = "<group>";
		};
		213A3A80200A593A0071B244 /* Products */ = {
			isa = PBXGroup;
			children = (
				213A3A7F200A593A0071B244 /* HorizontalMenu.app */,
			);
			name = Products;
			sourceTree = "<group>";
		};
		213A3A81200A593A0071B244 /* HorizontalMenu */ = {
			isa = PBXGroup;
			children = (
				213A3AA6200A980E0071B244 /* ViewControllers */,
				CD59395A25856B6E00B1907E /* Providers */,
				CD05992125856E4000E39100 /* Models */,
				213A3AA4200A888A0071B244 /* EmptySegue.swift */,
				213A3A82200A593A0071B244 /* AppDelegate.swift */,
				CD0BA34325862C2C00384C87 /* Views */,
				213A3A89200A593A0071B244 /* Assets.xcassets */,
				213A3A8B200A593A0071B244 /* LaunchScreen.storyboard */,
				CD85E1CE258B4C7A001675CB /* GoogleService-Info.plist */,
				CD85E1D1258B4CC4001675CB /* credentials.plist */,
				213A3A8E200A593A0071B244 /* Info.plist */,
				213A3A96200A5AB60071B244 /* CustomMenuCell.swift */,
			);
			path = HorizontalMenu;
			sourceTree = "<group>";
		};
		213A3AA6200A980E0071B244 /* ViewControllers */ = {
			isa = PBXGroup;
			children = (
				213A3AB5200A98790071B244 /* Screens */,
				213A3AAB200A980E0071B244 /* MasterViewController.swift */,
				213A3AAD200A980E0071B244 /* MenuViewController.swift */,
				CD3BCAEE25880FDB005AF727 /* CartTableViewController.swift */,
				CD85E1E6258B4E9F001675CB /* UserViewController.swift */,
			);
			path = ViewControllers;
			sourceTree = "<group>";
		};
		213A3AB5200A98790071B244 /* Screens */ = {
			isa = PBXGroup;
			children = (
				213A3AB6200A98790071B244 /* ThirdViewController.swift */,
				213A3AB7200A98790071B244 /* FirstViewController.swift */,
				213A3AB8200A98790071B244 /* FifthViewController.swift */,
				213A3AB9200A98790071B244 /* FourthViewController.swift */,
				213A3ABA200A98790071B244 /* SecondViewController.swift */,
				CD5965F6258689EA00F229B3 /* ProductDetailViewController.swift */,
			);
			path = Screens;
			sourceTree = "<group>";
		};
		914D498A63CBC947C2C5F4C6 /* Pods */ = {
			isa = PBXGroup;
			children = (
				B6163FBF1277B704F71D1187 /* Pods-HorizontalMenu.debug.xcconfig */,
				E2C06D92D3A012BF2EF140BB /* Pods-HorizontalMenu.release.xcconfig */,
			);
			path = Pods;
			sourceTree = "<group>";
		};
		9D610F0475C6023274374035 /* Frameworks */ = {
			isa = PBXGroup;
			children = (
				725F6E50AE7D8E0AEF6527C0 /* Pods_HorizontalMenu.framework */,
			);
			name = Frameworks;
			sourceTree = "<group>";
		};
		CD05992125856E4000E39100 /* Models */ = {
			isa = PBXGroup;
			children = (
				CD05991E25856E3C00E39100 /* ProductData.swift */,
			);
			path = Models;
			sourceTree = "<group>";
		};
		CD0BA34325862C2C00384C87 /* Views */ = {
			isa = PBXGroup;
			children = (
				213A3A86200A593A0071B244 /* Main.storyboard */,
				CD577B2A25853D840087DD1D /* Cells */,
			);
			path = Views;
			sourceTree = "<group>";
		};
		CD577B2A25853D840087DD1D /* Cells */ = {
			isa = PBXGroup;
			children = (
				CD577B2525853D7B0087DD1D /* Cell.xib */,
				CD577B2625853D7C0087DD1D /* Cell.swift */,
			);
			path = Cells;
			sourceTree = "<group>";
		};
		CD59395A25856B6E00B1907E /* Providers */ = {
			isa = PBXGroup;
			children = (
				CD59395725856B5F00B1907E /* ProductProvider.swift */,
			);
			path = Providers;
			sourceTree = "<group>";
		};
/* End PBXGroup section */

/* Begin PBXNativeTarget section */
		213A3A7E200A593A0071B244 /* HorizontalMenu */ = {
			isa = PBXNativeTarget;
			buildConfigurationList = 213A3A91200A593A0071B244 /* Build configuration list for PBXNativeTarget "HorizontalMenu" */;
			buildPhases = (
				735B1EBD2C0CD3C320B809AE /* [CP] Check Pods Manifest.lock */,
				213A3A7B200A593A0071B244 /* Sources */,
				213A3A7C200A593A0071B244 /* Frameworks */,
				213A3A7D200A593A0071B244 /* Resources */,
				DB67D66998852540E8333017 /* [CP] Embed Pods Frameworks */,
				17AB2A86B8D8003B75E189F1 /* [CP] Copy Pods Resources */,
			);
			buildRules = (
			);
			dependencies = (
			);
			name = HorizontalMenu;
			productName = HorizontalMenu;
			productReference = 213A3A7F200A593A0071B244 /* HorizontalMenu.app */;
			productType = "com.apple.product-type.application";
		};
/* End PBXNativeTarget section */

/* Begin PBXProject section */
		213A3A77200A593A0071B244 /* Project object */ = {
			isa = PBXProject;
			attributes = {
				LastSwiftUpdateCheck = 0920;
				LastUpgradeCheck = 0920;
				ORGANIZATIONNAME = "Ramprasad A";
				TargetAttributes = {
					213A3A7E200A593A0071B244 = {
						CreatedOnToolsVersion = 9.2;
						ProvisioningStyle = Automatic;
					};
				};
			};
			buildConfigurationList = 213A3A7A200A593A0071B244 /* Build configuration list for PBXProject "HorizontalMenu" */;
			compatibilityVersion = "Xcode 8.0";
			developmentRegion = en;
			hasScannedForEncodings = 0;
			knownRegions = (
				en,
				Base,
			);
			mainGroup = 213A3A76200A593A0071B244;
			productRefGroup = 213A3A80200A593A0071B244 /* Products */;
			projectDirPath = "";
			projectRoot = "";
			targets = (
				213A3A7E200A593A0071B244 /* HorizontalMenu */,
			);
		};
/* End PBXProject section */

/* Begin PBXResourcesBuildPhase section */
		213A3A7D200A593A0071B244 /* Resources */ = {
			isa = PBXResourcesBuildPhase;
			buildActionMask = 2147483647;
			files = (
				213A3A8D200A593A0071B244 /* LaunchScreen.storyboard in Resources */,
				CD85E1D2258B4CC4001675CB /* credentials.plist in Resources */,
				CD577B2725853D7C0087DD1D /* Cell.xib in Resources */,
				CD85E1CF258B4C7A001675CB /* GoogleService-Info.plist in Resources */,
				213A3A8A200A593A0071B244 /* Assets.xcassets in Resources */,
				213A3A88200A593A0071B244 /* Main.storyboard in Resources */,
			);
			runOnlyForDeploymentPostprocessing = 0;
		};
/* End PBXResourcesBuildPhase section */

/* Begin PBXShellScriptBuildPhase section */
		17AB2A86B8D8003B75E189F1 /* [CP] Copy Pods Resources */ = {
			isa = PBXShellScriptBuildPhase;
			buildActionMask = 2147483647;
			files = (
			);
			inputPaths = (
				"${PODS_ROOT}/Target Support Files/Pods-HorizontalMenu/Pods-HorizontalMenu-resources.sh",
				"${PODS_ROOT}/GoogleSignIn/Resources/GoogleSignIn.bundle",
			);
			name = "[CP] Copy Pods Resources";
			outputPaths = (
				"${TARGET_BUILD_DIR}/${UNLOCALIZED_RESOURCES_FOLDER_PATH}/GoogleSignIn.bundle",
			);
			runOnlyForDeploymentPostprocessing = 0;
			shellPath = /bin/sh;
			shellScript = "\"${PODS_ROOT}/Target Support Files/Pods-HorizontalMenu/Pods-HorizontalMenu-resources.sh\"\n";
			showEnvVarsInLog = 0;
		};
		735B1EBD2C0CD3C320B809AE /* [CP] Check Pods Manifest.lock */ = {
			isa = PBXShellScriptBuildPhase;
			buildActionMask = 2147483647;
			files = (
			);
			inputFileListPaths = (
			);
			inputPaths = (
				"${PODS_PODFILE_DIR_PATH}/Podfile.lock",
				"${PODS_ROOT}/Manifest.lock",
			);
			name = "[CP] Check Pods Manifest.lock";
			outputFileListPaths = (
			);
			outputPaths = (
				"$(DERIVED_FILE_DIR)/Pods-HorizontalMenu-checkManifestLockResult.txt",
			);
			runOnlyForDeploymentPostprocessing = 0;
			shellPath = /bin/sh;
			shellScript = "diff \"${PODS_PODFILE_DIR_PATH}/Podfile.lock\" \"${PODS_ROOT}/Manifest.lock\" > /dev/null\nif [ $? != 0 ] ; then\n    # print error to STDERR\n    echo \"error: The sandbox is not in sync with the Podfile.lock. Run 'pod install' or update your CocoaPods installation.\" >&2\n    exit 1\nfi\n# This output is used by Xcode 'outputs' to avoid re-running this script phase.\necho \"SUCCESS\" > \"${SCRIPT_OUTPUT_FILE_0}\"\n";
			showEnvVarsInLog = 0;
		};
		DB67D66998852540E8333017 /* [CP] Embed Pods Frameworks */ = {
			isa = PBXShellScriptBuildPhase;
			buildActionMask = 2147483647;
			files = (
			);
			inputPaths = (
				"${PODS_ROOT}/Target Support Files/Pods-HorizontalMenu/Pods-HorizontalMenu-frameworks.sh",
				"${BUILT_PRODUCTS_DIR}/Alamofire/Alamofire.framework",
				"${BUILT_PRODUCTS_DIR}/AppAuth/AppAuth.framework",
				"${BUILT_PRODUCTS_DIR}/GTMAppAuth/GTMAppAuth.framework",
				"${BUILT_PRODUCTS_DIR}/GTMSessionFetcher/GTMSessionFetcher.framework",
				"${BUILT_PRODUCTS_DIR}/Kingfisher/Kingfisher.framework",
			);
			name = "[CP] Embed Pods Frameworks";
			outputPaths = (
				"${TARGET_BUILD_DIR}/${FRAMEWORKS_FOLDER_PATH}/Alamofire.framework",
				"${TARGET_BUILD_DIR}/${FRAMEWORKS_FOLDER_PATH}/AppAuth.framework",
				"${TARGET_BUILD_DIR}/${FRAMEWORKS_FOLDER_PATH}/GTMAppAuth.framework",
				"${TARGET_BUILD_DIR}/${FRAMEWORKS_FOLDER_PATH}/GTMSessionFetcher.framework",
				"${TARGET_BUILD_DIR}/${FRAMEWORKS_FOLDER_PATH}/Kingfisher.framework",
			);
			runOnlyForDeploymentPostprocessing = 0;
			shellPath = /bin/sh;
			shellScript = "\"${PODS_ROOT}/Target Support Files/Pods-HorizontalMenu/Pods-HorizontalMenu-frameworks.sh\"\n";
			showEnvVarsInLog = 0;
		};
/* End PBXShellScriptBuildPhase section */

/* Begin PBXSourcesBuildPhase section */
		213A3A7B200A593A0071B244 /* Sources */ = {
			isa = PBXSourcesBuildPhase;
			buildActionMask = 2147483647;
			files = (
				CD59395825856B5F00B1907E /* ProductProvider.swift in Sources */,
				CD85E1E7258B4E9F001675CB /* UserViewController.swift in Sources */,
				213A3AB2200A980E0071B244 /* MasterViewController.swift in Sources */,
				213A3AB4200A980E0071B244 /* MenuViewController.swift in Sources */,
				213A3AA5200A888A0071B244 /* EmptySegue.swift in Sources */,
				213A3ABE200A98790071B244 /* FourthViewController.swift in Sources */,
				213A3A97200A5AB60071B244 /* CustomMenuCell.swift in Sources */,
				213A3ABD200A98790071B244 /* FifthViewController.swift in Sources */,
				213A3ABB200A98790071B244 /* ThirdViewController.swift in Sources */,
				213A3A83200A593A0071B244 /* AppDelegate.swift in Sources */,
				CD5965F7258689EA00F229B3 /* ProductDetailViewController.swift in Sources */,
				CD577B2825853D7C0087DD1D /* Cell.swift in Sources */,
				213A3ABF200A98790071B244 /* SecondViewController.swift in Sources */,
				213A3ABC200A98790071B244 /* FirstViewController.swift in Sources */,
				CD3BCAEF25880FDB005AF727 /* CartTableViewController.swift in Sources */,
				CD05991F25856E3C00E39100 /* ProductData.swift in Sources */,
			);
			runOnlyForDeploymentPostprocessing = 0;
		};
/* End PBXSourcesBuildPhase section */

/* Begin PBXVariantGroup section */
		213A3A86200A593A0071B244 /* Main.storyboard */ = {
			isa = PBXVariantGroup;
			children = (
				213A3A87200A593A0071B244 /* Base */,
			);
			name = Main.storyboard;
			sourceTree = "<group>";
		};
		213A3A8B200A593A0071B244 /* LaunchScreen.storyboard */ = {
			isa = PBXVariantGroup;
			children = (
				213A3A8C200A593A0071B244 /* Base */,
			);
			name = LaunchScreen.storyboard;
			sourceTree = "<group>";
		};
/* End PBXVariantGroup section */

/* Begin XCBuildConfiguration section */
		213A3A8F200A593A0071B244 /* Debug */ = {
			isa = XCBuildConfiguration;
			buildSettings = {
				ALWAYS_SEARCH_USER_PATHS = NO;
				CLANG_ANALYZER_NONNULL = YES;
				CLANG_ANALYZER_NUMBER_OBJECT_CONVERSION = YES_AGGRESSIVE;
				CLANG_CXX_LANGUAGE_STANDARD = "gnu++14";
				CLANG_CXX_LIBRARY = "libc++";
				CLANG_ENABLE_MODULES = YES;
				CLANG_ENABLE_OBJC_ARC = YES;
				CLANG_WARN_BLOCK_CAPTURE_AUTORELEASING = YES;
				CLANG_WARN_BOOL_CONVERSION = YES;
				CLANG_WARN_COMMA = YES;
				CLANG_WARN_CONSTANT_CONVERSION = YES;
				CLANG_WARN_DIRECT_OBJC_ISA_USAGE = YES_ERROR;
				CLANG_WARN_DOCUMENTATION_COMMENTS = YES;
				CLANG_WARN_EMPTY_BODY = YES;
				CLANG_WARN_ENUM_CONVERSION = YES;
				CLANG_WARN_INFINITE_RECURSION = YES;
				CLANG_WARN_INT_CONVERSION = YES;
				CLANG_WARN_NON_LITERAL_NULL_CONVERSION = YES;
				CLANG_WARN_OBJC_LITERAL_CONVERSION = YES;
				CLANG_WARN_OBJC_ROOT_CLASS = YES_ERROR;
				CLANG_WARN_RANGE_LOOP_ANALYSIS = YES;
				CLANG_WARN_STRICT_PROTOTYPES = YES;
				CLANG_WARN_SUSPICIOUS_MOVE = YES;
				CLANG_WARN_UNGUARDED_AVAILABILITY = YES_AGGRESSIVE;
				CLANG_WARN_UNREACHABLE_CODE = YES;
				CLANG_WARN__DUPLICATE_METHOD_MATCH = YES;
				CODE_SIGN_IDENTITY = "iPhone Developer";
				COPY_PHASE_STRIP = NO;
				DEBUG_INFORMATION_FORMAT = dwarf;
				ENABLE_STRICT_OBJC_MSGSEND = YES;
				ENABLE_TESTABILITY = YES;
				GCC_C_LANGUAGE_STANDARD = gnu11;
				GCC_DYNAMIC_NO_PIC = NO;
				GCC_NO_COMMON_BLOCKS = YES;
				GCC_OPTIMIZATION_LEVEL = 0;
				GCC_PREPROCESSOR_DEFINITIONS = (
					"DEBUG=1",
					"$(inherited)",
				);
				GCC_WARN_64_TO_32_BIT_CONVERSION = YES;
				GCC_WARN_ABOUT_RETURN_TYPE = YES_ERROR;
				GCC_WARN_UNDECLARED_SELECTOR = YES;
				GCC_WARN_UNINITIALIZED_AUTOS = YES_AGGRESSIVE;
				GCC_WARN_UNUSED_FUNCTION = YES;
				GCC_WARN_UNUSED_VARIABLE = YES;
				IPHONEOS_DEPLOYMENT_TARGET = 11.2;
				MTL_ENABLE_DEBUG_INFO = YES;
				ONLY_ACTIVE_ARCH = YES;
				SDKROOT = iphoneos;
				SWIFT_ACTIVE_COMPILATION_CONDITIONS = DEBUG;
				SWIFT_OPTIMIZATION_LEVEL = "-Onone";
			};
			name = Debug;
		};
		213A3A90200A593A0071B244 /* Release */ = {
			isa = XCBuildConfiguration;
			buildSettings = {
				ALWAYS_SEARCH_USER_PATHS = NO;
				CLANG_ANALYZER_NONNULL = YES;
				CLANG_ANALYZER_NUMBER_OBJECT_CONVERSION = YES_AGGRESSIVE;
				CLANG_CXX_LANGUAGE_STANDARD = "gnu++14";
				CLANG_CXX_LIBRARY = "libc++";
				CLANG_ENABLE_MODULES = YES;
				CLANG_ENABLE_OBJC_ARC = YES;
				CLANG_WARN_BLOCK_CAPTURE_AUTORELEASING = YES;
				CLANG_WARN_BOOL_CONVERSION = YES;
				CLANG_WARN_COMMA = YES;
				CLANG_WARN_CONSTANT_CONVERSION = YES;
				CLANG_WARN_DIRECT_OBJC_ISA_USAGE = YES_ERROR;
				CLANG_WARN_DOCUMENTATION_COMMENTS = YES;
				CLANG_WARN_EMPTY_BODY = YES;
				CLANG_WARN_ENUM_CONVERSION = YES;
				CLANG_WARN_INFINITE_RECURSION = YES;
				CLANG_WARN_INT_CONVERSION = YES;
				CLANG_WARN_NON_LITERAL_NULL_CONVERSION = YES;
				CLANG_WARN_OBJC_LITERAL_CONVERSION = YES;
				CLANG_WARN_OBJC_ROOT_CLASS = YES_ERROR;
				CLANG_WARN_RANGE_LOOP_ANALYSIS = YES;
				CLANG_WARN_STRICT_PROTOTYPES = YES;
				CLANG_WARN_SUSPICIOUS_MOVE = YES;
				CLANG_WARN_UNGUARDED_AVAILABILITY = YES_AGGRESSIVE;
				CLANG_WARN_UNREACHABLE_CODE = YES;
				CLANG_WARN__DUPLICATE_METHOD_MATCH = YES;
				CODE_SIGN_IDENTITY = "iPhone Developer";
				COPY_PHASE_STRIP = NO;
				DEBUG_INFORMATION_FORMAT = "dwarf-with-dsym";
				ENABLE_NS_ASSERTIONS = NO;
				ENABLE_STRICT_OBJC_MSGSEND = YES;
				GCC_C_LANGUAGE_STANDARD = gnu11;
				GCC_NO_COMMON_BLOCKS = YES;
				GCC_WARN_64_TO_32_BIT_CONVERSION = YES;
				GCC_WARN_ABOUT_RETURN_TYPE = YES_ERROR;
				GCC_WARN_UNDECLARED_SELECTOR = YES;
				GCC_WARN_UNINITIALIZED_AUTOS = YES_AGGRESSIVE;
				GCC_WARN_UNUSED_FUNCTION = YES;
				GCC_WARN_UNUSED_VARIABLE = YES;
				IPHONEOS_DEPLOYMENT_TARGET = 11.2;
				MTL_ENABLE_DEBUG_INFO = NO;
				SDKROOT = iphoneos;
				SWIFT_OPTIMIZATION_LEVEL = "-Owholemodule";
				VALIDATE_PRODUCT = YES;
			};
			name = Release;
		};
		213A3A92200A593A0071B244 /* Debug */ = {
			isa = XCBuildConfiguration;
			baseConfigurationReference = B6163FBF1277B704F71D1187 /* Pods-HorizontalMenu.debug.xcconfig */;
			buildSettings = {
				ASSETCATALOG_COMPILER_APPICON_NAME = AppIcon;
				CODE_SIGN_STYLE = Automatic;
				DEVELOPMENT_TEAM = CR2U55444G;
				INFOPLIST_FILE = HorizontalMenu/Info.plist;
				LD_RUNPATH_SEARCH_PATHS = "$(inherited) @executable_path/Frameworks";
				PRODUCT_BUNDLE_IDENTIFIER = nazik.com;
				PRODUCT_NAME = "$(TARGET_NAME)";
				SWIFT_VERSION = 4.0;
				TARGETED_DEVICE_FAMILY = "1,2";
			};
			name = Debug;
		};
		213A3A93200A593A0071B244 /* Release */ = {
			isa = XCBuildConfiguration;
			baseConfigurationReference = E2C06D92D3A012BF2EF140BB /* Pods-HorizontalMenu.release.xcconfig */;
			buildSettings = {
				ASSETCATALOG_COMPILER_APPICON_NAME = AppIcon;
				CODE_SIGN_STYLE = Automatic;
				DEVELOPMENT_TEAM = CR2U55444G;
				INFOPLIST_FILE = HorizontalMenu/Info.plist;
				LD_RUNPATH_SEARCH_PATHS = "$(inherited) @executable_path/Frameworks";
				PRODUCT_BUNDLE_IDENTIFIER = nazik.com;
				PRODUCT_NAME = "$(TARGET_NAME)";
				SWIFT_VERSION = 4.0;
				TARGETED_DEVICE_FAMILY = "1,2";
			};
			name = Release;
		};
/* End XCBuildConfiguration section */

/* Begin XCConfigurationList section */
		213A3A7A200A593A0071B244 /* Build configuration list for PBXProject "HorizontalMenu" */ = {
			isa = XCConfigurationList;
			buildConfigurations = (
				213A3A8F200A593A0071B244 /* Debug */,
				213A3A90200A593A0071B244 /* Release */,
			);
			defaultConfigurationIsVisible = 0;
			defaultConfigurationName = Release;
		};
		213A3A91200A593A0071B244 /* Build configuration list for PBXNativeTarget "HorizontalMenu" */ = {
			isa = XCConfigurationList;
			buildConfigurations = (
				213A3A92200A593A0071B244 /* Debug */,
				213A3A93200A593A0071B244 /* Release */,
			);
			defaultConfigurationIsVisible = 0;
			defaultConfigurationName = Release;
		};
/* End XCConfigurationList section */
	};
	rootObject = 213A3A77200A593A0071B244 /* Project object */;
}
